// !$*UTF8*$!
{
	archiveVersion = 1;
	classes = {
	};
	objectVersion = 46;
	objects = {

/* Begin PBXBuildFile section */
		BE05F8D71E368C1F0059595B /* AppDelegate.swift in Sources */ = {isa = PBXBuildFile; fileRef = BE05F8D61E368C1F0059595B /* AppDelegate.swift */; };
		BE05F8D91E368C1F0059595B /* ViewController.swift in Sources */ = {isa = PBXBuildFile; fileRef = BE05F8D81E368C1F0059595B /* ViewController.swift */; };
		BE05F8DC1E368C1F0059595B /* Main.storyboard in Resources */ = {isa = PBXBuildFile; fileRef = BE05F8DA1E368C1F0059595B /* Main.storyboard */; };
		BE05F8DF1E368C1F0059595B /* testCore.xcdatamodeld in Sources */ = {isa = PBXBuildFile; fileRef = BE05F8DD1E368C1F0059595B /* testCore.xcdatamodeld */; };
		BE05F8E11E368C1F0059595B /* Assets.xcassets in Resources */ = {isa = PBXBuildFile; fileRef = BE05F8E01E368C1F0059595B /* Assets.xcassets */; };
		BE05F8E41E368C1F0059595B /* LaunchScreen.storyboard in Resources */ = {isa = PBXBuildFile; fileRef = BE05F8E21E368C1F0059595B /* LaunchScreen.storyboard */; };
		BE05F8EF1E368C1F0059595B /* testCoreTests.swift in Sources */ = {isa = PBXBuildFile; fileRef = BE05F8EE1E368C1F0059595B /* testCoreTests.swift */; };
		BE05F8FA1E368C1F0059595B /* testCoreUITests.swift in Sources */ = {isa = PBXBuildFile; fileRef = BE05F8F91E368C1F0059595B /* testCoreUITests.swift */; };
/* End PBXBuildFile section */

/* Begin PBXContainerItemProxy section */
		BE05F8EB1E368C1F0059595B /* PBXContainerItemProxy */ = {
			isa = PBXContainerItemProxy;
			containerPortal = BE05F8CB1E368C1F0059595B /* Project object */;
			proxyType = 1;
			remoteGlobalIDString = BE05F8D21E368C1F0059595B;
			remoteInfo = testCore;
		};
		BE05F8F61E368C1F0059595B /* PBXContainerItemProxy */ = {
			isa = PBXContainerItemProxy;
			containerPortal = BE05F8CB1E368C1F0059595B /* Project object */;
			proxyType = 1;
			remoteGlobalIDString = BE05F8D21E368C1F0059595B;
			remoteInfo = testCore;
		};
/* End PBXContainerItemProxy section */

/* Begin PBXFileReference section */
		BE05F8D31E368C1F0059595B /* testCore.app */ = {isa = PBXFileReference; explicitFileType = wrapper.application; includeInIndex = 0; path = testCore.app; sourceTree = BUILT_PRODUCTS_DIR; };
		BE05F8D61E368C1F0059595B /* AppDelegate.swift */ = {isa = PBXFileReference; lastKnownFileType = sourcecode.swift; path = AppDelegate.swift; sourceTree = "<group>"; };
		BE05F8D81E368C1F0059595B /* ViewController.swift */ = {isa = PBXFileReference; lastKnownFileType = sourcecode.swift; path = ViewController.swift; sourceTree = "<group>"; };
		BE05F8DB1E368C1F0059595B /* Base */ = {isa = PBXFileReference; lastKnownFileType = file.storyboard; name = Base; path = Base.lproj/Main.storyboard; sourceTree = "<group>"; };
		BE05F8DE1E368C1F0059595B /* testCore.xcdatamodel */ = {isa = PBXFileReference; lastKnownFileType = wrapper.xcdatamodel; path = testCore.xcdatamodel; sourceTree = "<group>"; };
		BE05F8E01E368C1F0059595B /* Assets.xcassets */ = {isa = PBXFileReference; lastKnownFileType = folder.assetcatalog; path = Assets.xcassets; sourceTree = "<group>"; };
		BE05F8E31E368C1F0059595B /* Base */ = {isa = PBXFileReference; lastKnownFileType = file.storyboard; name = Base; path = Base.lproj/LaunchScreen.storyboard; sourceTree = "<group>"; };
		BE05F8E51E368C1F0059595B /* Info.plist */ = {isa = PBXFileReference; lastKnownFileType = text.plist.xml; path = Info.plist; sourceTree = "<group>"; };
		BE05F8EA1E368C1F0059595B /* testCoreTests.xctest */ = {isa = PBXFileReference; explicitFileType = wrapper.cfbundle; includeInIndex = 0; path = testCoreTests.xctest; sourceTree = BUILT_PRODUCTS_DIR; };
		BE05F8EE1E368C1F0059595B /* testCoreTests.swift */ = {isa = PBXFileReference; lastKnownFileType = sourcecode.swift; path = testCoreTests.swift; sourceTree = "<group>"; };
		BE05F8F01E368C1F0059595B /* Info.plist */ = {isa = PBXFileReference; lastKnownFileType = text.plist.xml; path = Info.plist; sourceTree = "<group>"; };
		BE05F8F51E368C1F0059595B /* testCoreUITests.xctest */ = {isa = PBXFileReference; explicitFileType = wrapper.cfbundle; includeInIndex = 0; path = testCoreUITests.xctest; sourceTree = BUILT_PRODUCTS_DIR; };
		BE05F8F91E368C1F0059595B /* testCoreUITests.swift */ = {isa = PBXFileReference; lastKnownFileType = sourcecode.swift; path = testCoreUITests.swift; sourceTree = "<group>"; };
		BE05F8FB1E368C1F0059595B /* Info.plist */ = {isa = PBXFileReference; lastKnownFileType = text.plist.xml; path = Info.plist; sourceTree = "<group>"; };
/* End PBXFileReference section */

/* Begin PBXFrameworksBuildPhase section */
		BE05F8D01E368C1F0059595B /* Frameworks */ = {
			isa = PBXFrameworksBuildPhase;
			buildActionMask = 2147483647;
			files = (
			);
			runOnlyForDeploymentPostprocessing = 0;
		};
		BE05F8E71E368C1F0059595B /* Frameworks */ = {
			isa = PBXFrameworksBuildPhase;
			buildActionMask = 2147483647;
			files = (
			);
			runOnlyForDeploymentPostprocessing = 0;
		};
		BE05F8F21E368C1F0059595B /* Frameworks */ = {
			isa = PBXFrameworksBuildPhase;
			buildActionMask = 2147483647;
			files = (
			);
			runOnlyForDeploymentPostprocessing = 0;
		};
/* End PBXFrameworksBuildPhase section */

/* Begin PBXGroup section */
		BE05F8CA1E368C1F0059595B = {
			isa = PBXGroup;
			children = (
				BE05F8D51E368C1F0059595B /* testCore */,
				BE05F8ED1E368C1F0059595B /* testCoreTests */,
				BE05F8F81E368C1F0059595B /* testCoreUITests */,
				BE05F8D41E368C1F0059595B /* Products */,
			);
			sourceTree = "<group>";
		};
		BE05F8D41E368C1F0059595B /* Products */ = {
			isa = PBXGroup;
			children = (
				BE05F8D31E368C1F0059595B /* testCore.app */,
				BE05F8EA1E368C1F0059595B /* testCoreTests.xctest */,
				BE05F8F51E368C1F0059595B /* testCoreUITests.xctest */,
			);
			name = Products;
			sourceTree = "<group>";
		};
		BE05F8D51E368C1F0059595B /* testCore */ = {
			isa = PBXGroup;
			children = (
				BE05F8D61E368C1F0059595B /* AppDelegate.swift */,
				BE05F8D81E368C1F0059595B /* ViewController.swift */,
				BE05F8DA1E368C1F0059595B /* Main.storyboard */,
				BE05F8E01E368C1F0059595B /* Assets.xcassets */,
				BE05F8E21E368C1F0059595B /* LaunchScreen.storyboard */,
				BE05F8E51E368C1F0059595B /* Info.plist */,
				BE05F8DD1E368C1F0059595B /* testCore.xcdatamodeld */,
			);
			path = testCore;
			sourceTree = "<group>";
		};
		BE05F8ED1E368C1F0059595B /* testCoreTests */ = {
			isa = PBXGroup;
			children = (
				BE05F8EE1E368C1F0059595B /* testCoreTests.swift */,
				BE05F8F01E368C1F0059595B /* Info.plist */,
			);
			path = testCoreTests;
			sourceTree = "<group>";
		};
		BE05F8F81E368C1F0059595B /* testCoreUITests */ = {
			isa = PBXGroup;
			children = (
				BE05F8F91E368C1F0059595B /* testCoreUITests.swift */,
				BE05F8FB1E368C1F0059595B /* Info.plist */,
			);
			path = testCoreUITests;
			sourceTree = "<group>";
		};
/* End PBXGroup section */

/* Begin PBXNativeTarget section */
		BE05F8D21E368C1F0059595B /* testCore */ = {
			isa = PBXNativeTarget;
			buildConfigurationList = BE05F8FE1E368C1F0059595B /* Build configuration list for PBXNativeTarget "testCore" */;
			buildPhases = (
				BE05F8CF1E368C1F0059595B /* Sources */,
				BE05F8D01E368C1F0059595B /* Frameworks */,
				BE05F8D11E368C1F0059595B /* Resources */,
			);
			buildRules = (
			);
			dependencies = (
			);
			name = testCore;
			productName = testCore;
			productReference = BE05F8D31E368C1F0059595B /* testCore.app */;
			productType = "com.apple.product-type.application";
		};
		BE05F8E91E368C1F0059595B /* testCoreTests */ = {
			isa = PBXNativeTarget;
			buildConfigurationList = BE05F9011E368C1F0059595B /* Build configuration list for PBXNativeTarget "testCoreTests" */;
			buildPhases = (
				BE05F8E61E368C1F0059595B /* Sources */,
				BE05F8E71E368C1F0059595B /* Frameworks */,
				BE05F8E81E368C1F0059595B /* Resources */,
			);
			buildRules = (
			);
			dependencies = (
				BE05F8EC1E368C1F0059595B /* PBXTargetDependency */,
			);
			name = testCoreTests;
			productName = testCoreTests;
			productReference = BE05F8EA1E368C1F0059595B /* testCoreTests.xctest */;
			productType = "com.apple.product-type.bundle.unit-test";
		};
		BE05F8F41E368C1F0059595B /* testCoreUITests */ = {
			isa = PBXNativeTarget;
			buildConfigurationList = BE05F9041E368C1F0059595B /* Build configuration list for PBXNativeTarget "testCoreUITests" */;
			buildPhases = (
				BE05F8F11E368C1F0059595B /* Sources */,
				BE05F8F21E368C1F0059595B /* Frameworks */,
				BE05F8F31E368C1F0059595B /* Resources */,
			);
			buildRules = (
			);
			dependencies = (
				BE05F8F71E368C1F0059595B /* PBXTargetDependency */,
			);
			name = testCoreUITests;
			productName = testCoreUITests;
			productReference = BE05F8F51E368C1F0059595B /* testCoreUITests.xctest */;
			productType = "com.apple.product-type.bundle.ui-testing";
		};
/* End PBXNativeTarget section */

/* Begin PBXProject section */
		BE05F8CB1E368C1F0059595B /* Project object */ = {
			isa = PBXProject;
			attributes = {
				LastSwiftUpdateCheck = 0820;
				LastUpgradeCheck = 0820;
				ORGANIZATIONNAME = "Qusai Asaad";
				TargetAttributes = {
					BE05F8D21E368C1F0059595B = {
						CreatedOnToolsVersion = 8.2.1;
						ProvisioningStyle = Automatic;
					};
					BE05F8E91E368C1F0059595B = {
						CreatedOnToolsVersion = 8.2.1;
						ProvisioningStyle = Automatic;
						TestTargetID = BE05F8D21E368C1F0059595B;
					};
					BE05F8F41E368C1F0059595B = {
						CreatedOnToolsVersion = 8.2.1;
						ProvisioningStyle = Automatic;
						TestTargetID = BE05F8D21E368C1F0059595B;
					};
				};
			};
			buildConfigurationList = BE05F8CE1E368C1F0059595B /* Build configuration list for PBXProject "testCore" */;
			compatibilityVersion = "Xcode 3.2";
			developmentRegion = English;
			hasScannedForEncodings = 0;
			knownRegions = (
				en,
				Base,
			);
			mainGroup = BE05F8CA1E368C1F0059595B;
			productRefGroup = BE05F8D41E368C1F0059595B /* Products */;
			projectDirPath = "";
			projectRoot = "";
			targets = (
				BE05F8D21E368C1F0059595B /* testCore */,
				BE05F8E91E368C1F0059595B /* testCoreTests */,
				BE05F8F41E368C1F0059595B /* testCoreUITests */,
			);
		};
/* End PBXProject section */

/* Begin PBXResourcesBuildPhase section */
		BE05F8D11E368C1F0059595B /* Resources */ = {
			isa = PBXResourcesBuildPhase;
			buildActionMask = 2147483647;
			files = (
				BE05F8E41E368C1F0059595B /* LaunchScreen.storyboard in Resources */,
				BE05F8E11E368C1F0059595B /* Assets.xcassets in Resources */,
				BE05F8DC1E368C1F0059595B /* Main.storyboard in Resources */,
			);
			runOnlyForDeploymentPostprocessing = 0;
		};
		BE05F8E81E368C1F0059595B /* Resources */ = {
			isa = PBXResourcesBuildPhase;
			buildActionMask = 2147483647;
			files = (
			);
			runOnlyForDeploymentPostprocessing = 0;
		};
		BE05F8F31E368C1F0059595B /* Resources */ = {
			isa = PBXResourcesBuildPhase;
			buildActionMask = 2147483647;
			files = (
			);
			runOnlyForDeploymentPostprocessing = 0;
		};
/* End PBXResourcesBuildPhase section */

/* Begin PBXSourcesBuildPhase section */
		BE05F8CF1E368C1F0059595B /* Sources */ = {
			isa = PBXSourcesBuildPhase;
			buildActionMask = 2147483647;
			files = (
				BE05F8D91E368C1F0059595B /* ViewController.swift in Sources */,
				BE05F8D71E368C1F0059595B /* AppDelegate.swift in Sources */,
				BE05F8DF1E368C1F0059595B /* testCore.xcdatamodeld in Sources */,
			);
			runOnlyForDeploymentPostprocessing = 0;
		};
		BE05F8E61E368C1F0059595B /* Sources */ = {
			isa = PBXSourcesBuildPhase;
			buildActionMask = 2147483647;
			files = (
				BE05F8EF1E368C1F0059595B /* testCoreTests.swift in Sources */,
			);
			runOnlyForDeploymentPostprocessing = 0;
		};
		BE05F8F11E368C1F0059595B /* Sources */ = {
			isa = PBXSourcesBuildPhase;
			buildActionMask = 2147483647;
			files = (
				BE05F8FA1E368C1F0059595B /* testCoreUITests.swift in Sources */,
			);
			runOnlyForDeploymentPostprocessing = 0;
		};
/* End PBXSourcesBuildPhase section */

/* Begin PBXTargetDependency section */
		BE05F8EC1E368C1F0059595B /* PBXTargetDependency */ = {
			isa = PBXTargetDependency;
			target = BE05F8D21E368C1F0059595B /* testCore */;
			targetProxy = BE05F8EB1E368C1F0059595B /* PBXContainerItemProxy */;
		};
		BE05F8F71E368C1F0059595B /* PBXTargetDependency */ = {
			isa = PBXTargetDependency;
			target = BE05F8D21E368C1F0059595B /* testCore */;
			targetProxy = BE05F8F61E368C1F0059595B /* PBXContainerItemProxy */;
		};
/* End PBXTargetDependency section */

/* Begin PBXVariantGroup section */
		BE05F8DA1E368C1F0059595B /* Main.storyboard */ = {
			isa = PBXVariantGroup;
			children = (
				BE05F8DB1E368C1F0059595B /* Base */,
			);
			name = Main.storyboard;
			sourceTree = "<group>";
		};
		BE05F8E21E368C1F0059595B /* LaunchScreen.storyboard */ = {
			isa = PBXVariantGroup;
			children = (
				BE05F8E31E368C1F0059595B /* Base */,
			);
			name = LaunchScreen.storyboard;
			sourceTree = "<group>";
		};
/* End PBXVariantGroup section */

/* Begin XCBuildConfiguration section */
		BE05F8FC1E368C1F0059595B /* Debug */ = {
			isa = XCBuildConfiguration;
			buildSettings = {
				ALWAYS_SEARCH_USER_PATHS = NO;
				CLANG_ANALYZER_NONNULL = YES;
				CLANG_CXX_LANGUAGE_STANDARD = "gnu++0x";
				CLANG_CXX_LIBRARY = "libc++";
				CLANG_ENABLE_MODULES = YES;
				CLANG_ENABLE_OBJC_ARC = YES;
				CLANG_WARN_BOOL_CONVERSION = YES;
				CLANG_WARN_CONSTANT_CONVERSION = YES;
				CLANG_WARN_DIRECT_OBJC_ISA_USAGE = YES_ERROR;
				CLANG_WARN_DOCUMENTATION_COMMENTS = YES;
				CLANG_WARN_EMPTY_BODY = YES;
				CLANG_WARN_ENUM_CONVERSION = YES;
				CLANG_WARN_INFINITE_RECURSION = YES;
				CLANG_WARN_INT_CONVERSION = YES;
				CLANG_WARN_OBJC_ROOT_CLASS = YES_ERROR;
				CLANG_WARN_SUSPICIOUS_MOVE = YES;
				CLANG_WARN_UNREACHABLE_CODE = YES;
				CLANG_WARN__DUPLICATE_METHOD_MATCH = YES;
				"CODE_SIGN_IDENTITY[sdk=iphoneos*]" = "iPhone Developer";
				COPY_PHASE_STRIP = NO;
				DEBUG_INFORMATION_FORMAT = dwarf;
				ENABLE_STRICT_OBJC_MSGSEND = YES;
				ENABLE_TESTABILITY = YES;
				GCC_C_LANGUAGE_STANDARD = gnu99;
				GCC_DYNAMIC_NO_PIC = NO;
				GCC_NO_COMMON_BLOCKS = YES;
				GCC_OPTIMIZATION_LEVEL = 0;
				GCC_PREPROCESSOR_DEFINITIONS = (
					"DEBUG=1",
					"$(inherited)",
				);
				GCC_WARN_64_TO_32_BIT_CONVERSION = YES;
				GCC_WARN_ABOUT_RETURN_TYPE = YES_ERROR;
				GCC_WARN_UNDECLARED_SELECTOR = YES;
				GCC_WARN_UNINITIALIZED_AUTOS = YES_AGGRESSIVE;
				GCC_WARN_UNUSED_FUNCTION = YES;
				GCC_WARN_UNUSED_VARIABLE = YES;
				IPHONEOS_DEPLOYMENT_TARGET = 10.2;
				MTL_ENABLE_DEBUG_INFO = YES;
				ONLY_ACTIVE_ARCH = YES;
				SDKROOT = iphoneos;
				SWIFT_ACTIVE_COMPILATION_CONDITIONS = DEBUG;
				SWIFT_OPTIMIZATION_LEVEL = "-Onone";
				TARGETED_DEVICE_FAMILY = "1,2";
			};
			name = Debug;
		};
		BE05F8FD1E368C1F0059595B /* Release */ = {
			isa = XCBuildConfiguration;
			buildSettings = {
				ALWAYS_SEARCH_USER_PATHS = NO;
				CLANG_ANALYZER_NONNULL = YES;
				CLANG_CXX_LANGUAGE_STANDARD = "gnu++0x";
				CLANG_CXX_LIBRARY = "libc++";
				CLANG_ENABLE_MODULES = YES;
				CLANG_ENABLE_OBJC_ARC = YES;
				CLANG_WARN_BOOL_CONVERSION = YES;
				CLANG_WARN_CONSTANT_CONVERSION = YES;
				CLANG_WARN_DIRECT_OBJC_ISA_USAGE = YES_ERROR;
				CLANG_WARN_DOCUMENTATION_COMMENTS = YES;
				CLANG_WARN_EMPTY_BODY = YES;
				CLANG_WARN_ENUM_CONVERSION = YES;
				CLANG_WARN_INFINITE_RECURSION = YES;
				CLANG_WARN_INT_CONVERSION = YES;
				CLANG_WARN_OBJC_ROOT_CLASS = YES_ERROR;
				CLANG_WARN_SUSPICIOUS_MOVE = YES;
				CLANG_WARN_UNREACHABLE_CODE = YES;
				CLANG_WARN__DUPLICATE_METHOD_MATCH = YES;
				"CODE_SIGN_IDENTITY[sdk=iphoneos*]" = "iPhone Developer";
				COPY_PHASE_STRIP = NO;
				DEBUG_INFORMATION_FORMAT = "dwarf-with-dsym";
				ENABLE_NS_ASSERTIONS = NO;
				ENABLE_STRICT_OBJC_MSGSEND = YES;
				GCC_C_LANGUAGE_STANDARD = gnu99;
				GCC_NO_COMMON_BLOCKS = YES;
				GCC_WARN_64_TO_32_BIT_CONVERSION = YES;
				GCC_WARN_ABOUT_RETURN_TYPE = YES_ERROR;
				GCC_WARN_UNDECLARED_SELECTOR = YES;
				GCC_WARN_UNINITIALIZED_AUTOS = YES_AGGRESSIVE;
				GCC_WARN_UNUSED_FUNCTION = YES;
				GCC_WARN_UNUSED_VARIABLE = YES;
				IPHONEOS_DEPLOYMENT_TARGET = 10.2;
				MTL_ENABLE_DEBUG_INFO = NO;
				SDKROOT = iphoneos;
				SWIFT_OPTIMIZATION_LEVEL = "-Owholemodule";
				TARGETED_DEVICE_FAMILY = "1,2";
				VALIDATE_PRODUCT = YES;
			};
			name = Release;
		};
		BE05F8FF1E368C1F0059595B /* Debug */ = {
			isa = XCBuildConfiguration;
			buildSettings = {
				ASSETCATALOG_COMPILER_APPICON_NAME = AppIcon;
				INFOPLIST_FILE = testCore/Info.plist;
				LD_RUNPATH_SEARCH_PATHS = "$(inherited) @executable_path/Frameworks";
				PRODUCT_BUNDLE_IDENTIFIER = com..testCore;
				PRODUCT_NAME = "$(TARGET_NAME)";
				SWIFT_VERSION = 3.0;
			};
			name = Debug;
		};
		BE05F9001E368C1F0059595B /* Release */ = {
			isa = XCBuildConfiguration;
			buildSettings = {
				ASSETCATALOG_COMPILER_APPICON_NAME = AppIcon;
				INFOPLIST_FILE = testCore/Info.plist;
				LD_RUNPATH_SEARCH_PATHS = "$(inherited) @executable_path/Frameworks";
				PRODUCT_BUNDLE_IDENTIFIER = com..testCore;
				PRODUCT_NAME = "$(TARGET_NAME)";
				SWIFT_VERSION = 3.0;
			};
			name = Release;
		};
		BE05F9021E368C1F0059595B /* Debug */ = {
			isa = XCBuildConfiguration;
			buildSettings = {
				ALWAYS_EMBED_SWIFT_STANDARD_LIBRARIES = YES;
				BUNDLE_LOADER = "$(TEST_HOST)";
				INFOPLIST_FILE = testCoreTests/Info.plist;
				LD_RUNPATH_SEARCH_PATHS = "$(inherited) @executable_path/Frameworks @loader_path/Frameworks";
				PRODUCT_BUNDLE_IDENTIFIER = com..testCoreTests;
				PRODUCT_NAME = "$(TARGET_NAME)";
				SWIFT_VERSION = 3.0;
				TEST_HOST = "$(BUILT_PRODUCTS_DIR)/testCore.app/testCore";
			};
			name = Debug;
		};
		BE05F9031E368C1F0059595B /* Release */ = {
			isa = XCBuildConfiguration;
			buildSettings = {
				ALWAYS_EMBED_SWIFT_STANDARD_LIBRARIES = YES;
				BUNDLE_LOADER = "$(TEST_HOST)";
				INFOPLIST_FILE = testCoreTests/Info.plist;
				LD_RUNPATH_SEARCH_PATHS = "$(inherited) @executable_path/Frameworks @loader_path/Frameworks";
				PRODUCT_BUNDLE_IDENTIFIER = com..testCoreTests;
				PRODUCT_NAME = "$(TARGET_NAME)";
				SWIFT_VERSION = 3.0;
				TEST_HOST = "$(BUILT_PRODUCTS_DIR)/testCore.app/testCore";
			};
			name = Release;
		};
		BE05F9051E368C1F0059595B /* Debug */ = {
			isa = XCBuildConfiguration;
			buildSettings = {
				ALWAYS_EMBED_SWIFT_STANDARD_LIBRARIES = YES;
				INFOPLIST_FILE = testCoreUITests/Info.plist;
				LD_RUNPATH_SEARCH_PATHS = "$(inherited) @executable_path/Frameworks @loader_path/Frameworks";
				PRODUCT_BUNDLE_IDENTIFIER = com..testCoreUITests;
				PRODUCT_NAME = "$(TARGET_NAME)";
				SWIFT_VERSION = 3.0;
				TEST_TARGET_NAME = testCore;
			};
			name = Debug;
		};
		BE05F9061E368C1F0059595B /* Release */ = {
			isa = XCBuildConfiguration;
			buildSettings = {
				ALWAYS_EMBED_SWIFT_STANDARD_LIBRARIES = YES;
				INFOPLIST_FILE = testCoreUITests/Info.plist;
				LD_RUNPATH_SEARCH_PATHS = "$(inherited) @executable_path/Frameworks @loader_path/Frameworks";
				PRODUCT_BUNDLE_IDENTIFIER = com..testCoreUITests;
				PRODUCT_NAME = "$(TARGET_NAME)";
				SWIFT_VERSION = 3.0;
				TEST_TARGET_NAME = testCore;
			};
			name = Release;
		};
/* End XCBuildConfiguration section */

/* Begin XCConfigurationList section */
		BE05F8CE1E368C1F0059595B /* Build configuration list for PBXProject "testCore" */ = {
			isa = XCConfigurationList;
			buildConfigurations = (
				BE05F8FC1E368C1F0059595B /* Debug */,
				BE05F8FD1E368C1F0059595B /* Release */,
			);
			defaultConfigurationIsVisible = 0;
			defaultConfigurationName = Release;
		};
		BE05F8FE1E368C1F0059595B /* Build configuration list for PBXNativeTarget "testCore" */ = {
			isa = XCConfigurationList;
			buildConfigurations = (
				BE05F8FF1E368C1F0059595B /* Debug */,
				BE05F9001E368C1F0059595B /* Release */,
			);
			defaultConfigurationIsVisible = 0;
		};
		BE05F9011E368C1F0059595B /* Build configuration list for PBXNativeTarget "testCoreTests" */ = {
			isa = XCConfigurationList;
			buildConfigurations = (
				BE05F9021E368C1F0059595B /* Debug */,
				BE05F9031E368C1F0059595B /* Release */,
			);
			defaultConfigurationIsVisible = 0;
		};
		BE05F9041E368C1F0059595B /* Build configuration list for PBXNativeTarget "testCoreUITests" */ = {
			isa = XCConfigurationList;
			buildConfigurations = (
				BE05F9051E368C1F0059595B /* Debug */,
				BE05F9061E368C1F0059595B /* Release */,
			);
			defaultConfigurationIsVisible = 0;
		};
/* End XCConfigurationList section */

/* Begin XCVersionGroup section */
		BE05F8DD1E368C1F0059595B /* testCore.xcdatamodeld */ = {
			isa = XCVersionGroup;
			children = (
				BE05F8DE1E368C1F0059595B /* testCore.xcdatamodel */,
			);
			currentVersion = BE05F8DE1E368C1F0059595B /* testCore.xcdatamodel */;
			path = testCore.xcdatamodeld;
			sourceTree = "<group>";
			versionGroupType = wrapper.xcdatamodel;
		};
/* End XCVersionGroup section */
	};
	rootObject = BE05F8CB1E368C1F0059595B /* Project object */;
}
